{
  "name": "api_gateway",
  "version": "1.0.0",
  "lockfileVersion": 2,
  "requires": true,
  "packages": {
    "": {
      "name": "api_gateway",
      "version": "1.0.0",
      "license": "ISC",
      "dependencies": {
        "ocelot": "^0.0.5"
      }
    },
    "node_modules/ocelot": {
      "version": "0.0.5",
      "resolved": "https://registry.npmjs.org/ocelot/-/ocelot-0.0.5.tgz",
      "integrity": "sha512-KGYPpUEvT7vCOLBp0CE/JMUkFDZNTNgiJ8fGkz7ZPGk9NIxfmfDtSJvMvZi/du0sJK4YMpE/wyr5fAxuwv9i3A=="
    }
  },
  "dependencies": {
    "ocelot": {
      "version": "0.0.5",
      "resolved": "https://registry.npmjs.org/ocelot/-/ocelot-0.0.5.tgz",
      "integrity": "sha512-KGYPpUEvT7vCOLBp0CE/JMUkFDZNTNgiJ8fGkz7ZPGk9NIxfmfDtSJvMvZi/du0sJK4YMpE/wyr5fAxuwv9i3A=="
    }
  }
}
